// !$*UTF8*$!
{
	archiveVersion = 1;
	classes = {
	};
	objectVersion = 46;
	objects = {

/* Begin PBXBuildFile section */
		0E8F465AA9D5B5054EFC1F35 /* Pods_swifty_proteinTests.framework in Frameworks */ = {isa = PBXBuildFile; fileRef = 7C4A2AB81B9986AC8DE992CE /* Pods_swifty_proteinTests.framework */; };
		47F37687F7B36A60A7440597 /* Pods_swifty_proteinUITests.framework in Frameworks */ = {isa = PBXBuildFile; fileRef = D3952D46E9AE553A6E677004 /* Pods_swifty_proteinUITests.framework */; };
		565DAEC391A461EF533F9D06 /* Pods_swifty_protein.framework in Frameworks */ = {isa = PBXBuildFile; fileRef = E79534A4BB6F9A6D1BB51B76 /* Pods_swifty_protein.framework */; };
		741FE4971FA762B1005FD843 /* Info.storyboard in Resources */ = {isa = PBXBuildFile; fileRef = 741FE4961FA762B1005FD843 /* Info.storyboard */; };
		741FE4991FA7650A005FD843 /* InfoVC.swift in Sources */ = {isa = PBXBuildFile; fileRef = 741FE4981FA7650A005FD843 /* InfoVC.swift */; };
		741FE49B1FA76D82005FD843 /* XMLParser.swift in Sources */ = {isa = PBXBuildFile; fileRef = 741FE49A1FA76D82005FD843 /* XMLParser.swift */; };
		741FE49D1FA76DB5005FD843 /* InfoReq.swift in Sources */ = {isa = PBXBuildFile; fileRef = 741FE49C1FA76DB5005FD843 /* InfoReq.swift */; };
		74FA4FFE1F9DF2290071B098 /* AppDelegate.swift in Sources */ = {isa = PBXBuildFile; fileRef = 74FA4FFD1F9DF2290071B098 /* AppDelegate.swift */; };
		74FA50001F9DF2290071B098 /* LoginViewController.swift in Sources */ = {isa = PBXBuildFile; fileRef = 74FA4FFF1F9DF2290071B098 /* LoginViewController.swift */; };
		74FA50031F9DF2290071B098 /* Main.storyboard in Resources */ = {isa = PBXBuildFile; fileRef = 74FA50011F9DF2290071B098 /* Main.storyboard */; };
		74FA50051F9DF2290071B098 /* Assets.xcassets in Resources */ = {isa = PBXBuildFile; fileRef = 74FA50041F9DF2290071B098 /* Assets.xcassets */; };
		74FA50081F9DF2290071B098 /* LaunchScreen.storyboard in Resources */ = {isa = PBXBuildFile; fileRef = 74FA50061F9DF2290071B098 /* LaunchScreen.storyboard */; };
		74FA50131F9DF2290071B098 /* swifty_proteinTests.swift in Sources */ = {isa = PBXBuildFile; fileRef = 74FA50121F9DF2290071B098 /* swifty_proteinTests.swift */; };
		74FA501E1F9DF2290071B098 /* swifty_proteinUITests.swift in Sources */ = {isa = PBXBuildFile; fileRef = 74FA501D1F9DF2290071B098 /* swifty_proteinUITests.swift */; };
		901F12771F9F8AF000C3DC7E /* ProteinTable.storyboard in Resources */ = {isa = PBXBuildFile; fileRef = 901F12761F9F8AF000C3DC7E /* ProteinTable.storyboard */; };
		901F12791F9F8B7400C3DC7E /* ProteinTableViewCell.swift in Sources */ = {isa = PBXBuildFile; fileRef = 901F12781F9F8B7400C3DC7E /* ProteinTableViewCell.swift */; };
		901F127B1F9F8BDA00C3DC7E /* Protein.storyboard in Resources */ = {isa = PBXBuildFile; fileRef = 901F127A1F9F8BDA00C3DC7E /* Protein.storyboard */; };
		901F127D1F9F8C1500C3DC7E /* ProteinViewController.swift in Sources */ = {isa = PBXBuildFile; fileRef = 901F127C1F9F8C1500C3DC7E /* ProteinViewController.swift */; };
		901F127F1F9F8C7600C3DC7E /* ProteinTableViewController.swift in Sources */ = {isa = PBXBuildFile; fileRef = 901F127E1F9F8C7600C3DC7E /* ProteinTableViewController.swift */; };
		901F12811F9F8EE800C3DC7E /* ligands.txt in Resources */ = {isa = PBXBuildFile; fileRef = 901F12801F9F8EE800C3DC7E /* ligands.txt */; };
		9081FD961F9F556400583A83 /* LocalAuthentication.framework in Frameworks */ = {isa = PBXBuildFile; fileRef = 9081FD951F9F556400583A83 /* LocalAuthentication.framework */; };
		90CE33C41FA3141B005C38AF /* SceneController.swift in Sources */ = {isa = PBXBuildFile; fileRef = 90CE33C31FA3141B005C38AF /* SceneController.swift */; };
		90CE33C71FA3381F005C38AF /* UIColorExtension.swift in Sources */ = {isa = PBXBuildFile; fileRef = 90CE33C61FA3381F005C38AF /* UIColorExtension.swift */; };
		90CE33C91FA339A8005C38AF /* Constants.swift in Sources */ = {isa = PBXBuildFile; fileRef = 90CE33C81FA339A8005C38AF /* Constants.swift */; };
		90CE33CB1FA33C7B005C38AF /* SCNNodeExtension.swift in Sources */ = {isa = PBXBuildFile; fileRef = 90CE33CA1FA33C7B005C38AF /* SCNNodeExtension.swift */; };
		90FB821B1FA07FF70013EB9B /* NetworkController.swift in Sources */ = {isa = PBXBuildFile; fileRef = 90FB821A1FA07FF70013EB9B /* NetworkController.swift */; };
		90FB821D1FA0882A0013EB9B /* PdbParser.swift in Sources */ = {isa = PBXBuildFile; fileRef = 90FB821C1FA0882A0013EB9B /* PdbParser.swift */; };
		90FB82221FA08C000013EB9B /* Ligand.swift in Sources */ = {isa = PBXBuildFile; fileRef = 90FB82211FA08C000013EB9B /* Ligand.swift */; };
		90FB82241FA08C230013EB9B /* Atom.swift in Sources */ = {isa = PBXBuildFile; fileRef = 90FB82231FA08C230013EB9B /* Atom.swift */; };
		90FB82271FA08CA50013EB9B /* Connection.swift in Sources */ = {isa = PBXBuildFile; fileRef = 90FB82261FA08CA50013EB9B /* Connection.swift */; };
/* End PBXBuildFile section */

/* Begin PBXContainerItemProxy section */
		74FA500F1F9DF2290071B098 /* PBXContainerItemProxy */ = {
			isa = PBXContainerItemProxy;
			containerPortal = 74FA4FF21F9DF2290071B098 /* Project object */;
			proxyType = 1;
			remoteGlobalIDString = 74FA4FF91F9DF2290071B098;
			remoteInfo = swifty_protein;
		};
		74FA501A1F9DF2290071B098 /* PBXContainerItemProxy */ = {
			isa = PBXContainerItemProxy;
			containerPortal = 74FA4FF21F9DF2290071B098 /* Project object */;
			proxyType = 1;
			remoteGlobalIDString = 74FA4FF91F9DF2290071B098;
			remoteInfo = swifty_protein;
		};
/* End PBXContainerItemProxy section */

/* Begin PBXFileReference section */
		4FC939B8967915BE22BE6310 /* Pods-swifty_proteinTests.debug.xcconfig */ = {isa = PBXFileReference; includeInIndex = 1; lastKnownFileType = text.xcconfig; name = "Pods-swifty_proteinTests.debug.xcconfig"; path = "Pods/Target Support Files/Pods-swifty_proteinTests/Pods-swifty_proteinTests.debug.xcconfig"; sourceTree = "<group>"; };
		741FE4961FA762B1005FD843 /* Info.storyboard */ = {isa = PBXFileReference; fileEncoding = 4; lastKnownFileType = file.storyboard; path = Info.storyboard; sourceTree = "<group>"; };
		741FE4981FA7650A005FD843 /* InfoVC.swift */ = {isa = PBXFileReference; fileEncoding = 4; lastKnownFileType = sourcecode.swift; path = InfoVC.swift; sourceTree = "<group>"; };
		741FE49A1FA76D82005FD843 /* XMLParser.swift */ = {isa = PBXFileReference; fileEncoding = 4; lastKnownFileType = sourcecode.swift; path = XMLParser.swift; sourceTree = "<group>"; };
		741FE49C1FA76DB5005FD843 /* InfoReq.swift */ = {isa = PBXFileReference; fileEncoding = 4; lastKnownFileType = sourcecode.swift; path = InfoReq.swift; sourceTree = "<group>"; };
		74FA4FFA1F9DF2290071B098 /* swifty_protein.app */ = {isa = PBXFileReference; explicitFileType = wrapper.application; includeInIndex = 0; path = swifty_protein.app; sourceTree = BUILT_PRODUCTS_DIR; };
		74FA4FFD1F9DF2290071B098 /* AppDelegate.swift */ = {isa = PBXFileReference; lastKnownFileType = sourcecode.swift; path = AppDelegate.swift; sourceTree = "<group>"; };
		74FA4FFF1F9DF2290071B098 /* LoginViewController.swift */ = {isa = PBXFileReference; lastKnownFileType = sourcecode.swift; path = LoginViewController.swift; sourceTree = "<group>"; };
		74FA50021F9DF2290071B098 /* Base */ = {isa = PBXFileReference; lastKnownFileType = file.storyboard; name = Base; path = Base.lproj/Main.storyboard; sourceTree = "<group>"; };
		74FA50041F9DF2290071B098 /* Assets.xcassets */ = {isa = PBXFileReference; lastKnownFileType = folder.assetcatalog; path = Assets.xcassets; sourceTree = "<group>"; };
		74FA50071F9DF2290071B098 /* Base */ = {isa = PBXFileReference; lastKnownFileType = file.storyboard; name = Base; path = Base.lproj/LaunchScreen.storyboard; sourceTree = "<group>"; };
		74FA50091F9DF2290071B098 /* Info.plist */ = {isa = PBXFileReference; lastKnownFileType = text.plist.xml; path = Info.plist; sourceTree = "<group>"; };
		74FA500E1F9DF2290071B098 /* swifty_proteinTests.xctest */ = {isa = PBXFileReference; explicitFileType = wrapper.cfbundle; includeInIndex = 0; path = swifty_proteinTests.xctest; sourceTree = BUILT_PRODUCTS_DIR; };
		74FA50121F9DF2290071B098 /* swifty_proteinTests.swift */ = {isa = PBXFileReference; lastKnownFileType = sourcecode.swift; path = swifty_proteinTests.swift; sourceTree = "<group>"; };
		74FA50141F9DF2290071B098 /* Info.plist */ = {isa = PBXFileReference; lastKnownFileType = text.plist.xml; path = Info.plist; sourceTree = "<group>"; };
		74FA50191F9DF2290071B098 /* swifty_proteinUITests.xctest */ = {isa = PBXFileReference; explicitFileType = wrapper.cfbundle; includeInIndex = 0; path = swifty_proteinUITests.xctest; sourceTree = BUILT_PRODUCTS_DIR; };
		74FA501D1F9DF2290071B098 /* swifty_proteinUITests.swift */ = {isa = PBXFileReference; lastKnownFileType = sourcecode.swift; path = swifty_proteinUITests.swift; sourceTree = "<group>"; };
		74FA501F1F9DF2290071B098 /* Info.plist */ = {isa = PBXFileReference; lastKnownFileType = text.plist.xml; path = Info.plist; sourceTree = "<group>"; };
		7C4A2AB81B9986AC8DE992CE /* Pods_swifty_proteinTests.framework */ = {isa = PBXFileReference; explicitFileType = wrapper.framework; includeInIndex = 0; path = Pods_swifty_proteinTests.framework; sourceTree = BUILT_PRODUCTS_DIR; };
		901F12761F9F8AF000C3DC7E /* ProteinTable.storyboard */ = {isa = PBXFileReference; fileEncoding = 4; lastKnownFileType = file.storyboard; path = ProteinTable.storyboard; sourceTree = "<group>"; };
		901F12781F9F8B7400C3DC7E /* ProteinTableViewCell.swift */ = {isa = PBXFileReference; fileEncoding = 4; lastKnownFileType = sourcecode.swift; path = ProteinTableViewCell.swift; sourceTree = "<group>"; };
		901F127A1F9F8BDA00C3DC7E /* Protein.storyboard */ = {isa = PBXFileReference; fileEncoding = 4; lastKnownFileType = file.storyboard; path = Protein.storyboard; sourceTree = "<group>"; };
		901F127C1F9F8C1500C3DC7E /* ProteinViewController.swift */ = {isa = PBXFileReference; fileEncoding = 4; lastKnownFileType = sourcecode.swift; path = ProteinViewController.swift; sourceTree = "<group>"; };
		901F127E1F9F8C7600C3DC7E /* ProteinTableViewController.swift */ = {isa = PBXFileReference; fileEncoding = 4; lastKnownFileType = sourcecode.swift; path = ProteinTableViewController.swift; sourceTree = "<group>"; };
		901F12801F9F8EE800C3DC7E /* ligands.txt */ = {isa = PBXFileReference; fileEncoding = 4; lastKnownFileType = text; path = ligands.txt; sourceTree = SOURCE_ROOT; };
		9081FD951F9F556400583A83 /* LocalAuthentication.framework */ = {isa = PBXFileReference; lastKnownFileType = wrapper.framework; name = LocalAuthentication.framework; path = System/Library/Frameworks/LocalAuthentication.framework; sourceTree = SDKROOT; };
		90CE33C31FA3141B005C38AF /* SceneController.swift */ = {isa = PBXFileReference; fileEncoding = 4; lastKnownFileType = sourcecode.swift; path = SceneController.swift; sourceTree = "<group>"; };
		90CE33C61FA3381F005C38AF /* UIColorExtension.swift */ = {isa = PBXFileReference; fileEncoding = 4; lastKnownFileType = sourcecode.swift; path = UIColorExtension.swift; sourceTree = "<group>"; };
		90CE33C81FA339A8005C38AF /* Constants.swift */ = {isa = PBXFileReference; fileEncoding = 4; lastKnownFileType = sourcecode.swift; path = Constants.swift; sourceTree = "<group>"; };
		90CE33CA1FA33C7B005C38AF /* SCNNodeExtension.swift */ = {isa = PBXFileReference; fileEncoding = 4; lastKnownFileType = sourcecode.swift; path = SCNNodeExtension.swift; sourceTree = "<group>"; };
		90FB821A1FA07FF70013EB9B /* NetworkController.swift */ = {isa = PBXFileReference; fileEncoding = 4; lastKnownFileType = sourcecode.swift; path = NetworkController.swift; sourceTree = "<group>"; };
		90FB821C1FA0882A0013EB9B /* PdbParser.swift */ = {isa = PBXFileReference; fileEncoding = 4; lastKnownFileType = sourcecode.swift; path = PdbParser.swift; sourceTree = "<group>"; };
		90FB82211FA08C000013EB9B /* Ligand.swift */ = {isa = PBXFileReference; fileEncoding = 4; lastKnownFileType = sourcecode.swift; path = Ligand.swift; sourceTree = "<group>"; };
		90FB82231FA08C230013EB9B /* Atom.swift */ = {isa = PBXFileReference; fileEncoding = 4; lastKnownFileType = sourcecode.swift; path = Atom.swift; sourceTree = "<group>"; };
		90FB82261FA08CA50013EB9B /* Connection.swift */ = {isa = PBXFileReference; fileEncoding = 4; lastKnownFileType = sourcecode.swift; path = Connection.swift; sourceTree = "<group>"; };
		9C36C9F3FE6291B2CF7294D3 /* Pods-swifty_proteinUITests.debug.xcconfig */ = {isa = PBXFileReference; includeInIndex = 1; lastKnownFileType = text.xcconfig; name = "Pods-swifty_proteinUITests.debug.xcconfig"; path = "Pods/Target Support Files/Pods-swifty_proteinUITests/Pods-swifty_proteinUITests.debug.xcconfig"; sourceTree = "<group>"; };
		CBBFCA25D88E5FC05C50D2A8 /* Pods-swifty_protein.debug.xcconfig */ = {isa = PBXFileReference; includeInIndex = 1; lastKnownFileType = text.xcconfig; name = "Pods-swifty_protein.debug.xcconfig"; path = "Pods/Target Support Files/Pods-swifty_protein/Pods-swifty_protein.debug.xcconfig"; sourceTree = "<group>"; };
		D3952D46E9AE553A6E677004 /* Pods_swifty_proteinUITests.framework */ = {isa = PBXFileReference; explicitFileType = wrapper.framework; includeInIndex = 0; path = Pods_swifty_proteinUITests.framework; sourceTree = BUILT_PRODUCTS_DIR; };
		DB7D3847A5BD5A7C03232B4D /* Pods-swifty_protein.release.xcconfig */ = {isa = PBXFileReference; includeInIndex = 1; lastKnownFileType = text.xcconfig; name = "Pods-swifty_protein.release.xcconfig"; path = "Pods/Target Support Files/Pods-swifty_protein/Pods-swifty_protein.release.xcconfig"; sourceTree = "<group>"; };
		E79534A4BB6F9A6D1BB51B76 /* Pods_swifty_protein.framework */ = {isa = PBXFileReference; explicitFileType = wrapper.framework; includeInIndex = 0; path = Pods_swifty_protein.framework; sourceTree = BUILT_PRODUCTS_DIR; };
		ED64C3A0F9F21619556382E4 /* Pods-swifty_proteinTests.release.xcconfig */ = {isa = PBXFileReference; includeInIndex = 1; lastKnownFileType = text.xcconfig; name = "Pods-swifty_proteinTests.release.xcconfig"; path = "Pods/Target Support Files/Pods-swifty_proteinTests/Pods-swifty_proteinTests.release.xcconfig"; sourceTree = "<group>"; };
		FCE0FCD2CD8E0DF290050BA3 /* Pods-swifty_proteinUITests.release.xcconfig */ = {isa = PBXFileReference; includeInIndex = 1; lastKnownFileType = text.xcconfig; name = "Pods-swifty_proteinUITests.release.xcconfig"; path = "Pods/Target Support Files/Pods-swifty_proteinUITests/Pods-swifty_proteinUITests.release.xcconfig"; sourceTree = "<group>"; };
/* End PBXFileReference section */

/* Begin PBXFrameworksBuildPhase section */
		74FA4FF71F9DF2290071B098 /* Frameworks */ = {
			isa = PBXFrameworksBuildPhase;
			buildActionMask = 2147483647;
			files = (
				9081FD961F9F556400583A83 /* LocalAuthentication.framework in Frameworks */,
				565DAEC391A461EF533F9D06 /* Pods_swifty_protein.framework in Frameworks */,
			);
			runOnlyForDeploymentPostprocessing = 0;
		};
		74FA500B1F9DF2290071B098 /* Frameworks */ = {
			isa = PBXFrameworksBuildPhase;
			buildActionMask = 2147483647;
			files = (
				0E8F465AA9D5B5054EFC1F35 /* Pods_swifty_proteinTests.framework in Frameworks */,
			);
			runOnlyForDeploymentPostprocessing = 0;
		};
		74FA50161F9DF2290071B098 /* Frameworks */ = {
			isa = PBXFrameworksBuildPhase;
			buildActionMask = 2147483647;
			files = (
				47F37687F7B36A60A7440597 /* Pods_swifty_proteinUITests.framework in Frameworks */,
			);
			runOnlyForDeploymentPostprocessing = 0;
		};
/* End PBXFrameworksBuildPhase section */

/* Begin PBXGroup section */
		24A595A9A6B90F66CCC2AFDE /* Frameworks */ = {
			isa = PBXGroup;
			children = (
				9081FD951F9F556400583A83 /* LocalAuthentication.framework */,
				E79534A4BB6F9A6D1BB51B76 /* Pods_swifty_protein.framework */,
				7C4A2AB81B9986AC8DE992CE /* Pods_swifty_proteinTests.framework */,
				D3952D46E9AE553A6E677004 /* Pods_swifty_proteinUITests.framework */,
			);
			name = Frameworks;
			sourceTree = "<group>";
		};
		55FB62069F659B819E15A95B /* Pods */ = {
			isa = PBXGroup;
			children = (
				CBBFCA25D88E5FC05C50D2A8 /* Pods-swifty_protein.debug.xcconfig */,
				DB7D3847A5BD5A7C03232B4D /* Pods-swifty_protein.release.xcconfig */,
				4FC939B8967915BE22BE6310 /* Pods-swifty_proteinTests.debug.xcconfig */,
				ED64C3A0F9F21619556382E4 /* Pods-swifty_proteinTests.release.xcconfig */,
				9C36C9F3FE6291B2CF7294D3 /* Pods-swifty_proteinUITests.debug.xcconfig */,
				FCE0FCD2CD8E0DF290050BA3 /* Pods-swifty_proteinUITests.release.xcconfig */,
			);
			name = Pods;
			sourceTree = "<group>";
		};
		74FA4FF11F9DF2290071B098 = {
			isa = PBXGroup;
			children = (
				74FA4FFC1F9DF2290071B098 /* swifty_protein */,
				74FA50111F9DF2290071B098 /* swifty_proteinTests */,
				74FA501C1F9DF2290071B098 /* swifty_proteinUITests */,
				74FA4FFB1F9DF2290071B098 /* Products */,
				55FB62069F659B819E15A95B /* Pods */,
				24A595A9A6B90F66CCC2AFDE /* Frameworks */,
			);
			sourceTree = "<group>";
		};
		74FA4FFB1F9DF2290071B098 /* Products */ = {
			isa = PBXGroup;
			children = (
				74FA4FFA1F9DF2290071B098 /* swifty_protein.app */,
				74FA500E1F9DF2290071B098 /* swifty_proteinTests.xctest */,
				74FA50191F9DF2290071B098 /* swifty_proteinUITests.xctest */,
			);
			name = Products;
			sourceTree = "<group>";
		};
		74FA4FFC1F9DF2290071B098 /* swifty_protein */ = {
			isa = PBXGroup;
			children = (
				90FB82201FA089050013EB9B /* Views */,
				74FA4FFD1F9DF2290071B098 /* AppDelegate.swift */,
				901F12801F9F8EE800C3DC7E /* ligands.txt */,
				90CE33C81FA339A8005C38AF /* Constants.swift */,
				90CE33C51FA33806005C38AF /* Extensions */,
				9020D2FA1F9E0BFC00B1D12F /* ViewControllers */,
				90FB821E1FA088B90013EB9B /* StoryBoards */,
				90FB821F1FA088F00013EB9B /* Helpers */,
				74FA50041F9DF2290071B098 /* Assets.xcassets */,
				90FB82251FA08C2B0013EB9B /* Models */,
				74FA50061F9DF2290071B098 /* LaunchScreen.storyboard */,
				74FA50091F9DF2290071B098 /* Info.plist */,
			);
			path = swifty_protein;
			sourceTree = "<group>";
		};
		74FA50111F9DF2290071B098 /* swifty_proteinTests */ = {
			isa = PBXGroup;
			children = (
				74FA50121F9DF2290071B098 /* swifty_proteinTests.swift */,
				74FA50141F9DF2290071B098 /* Info.plist */,
			);
			path = swifty_proteinTests;
			sourceTree = "<group>";
		};
		74FA501C1F9DF2290071B098 /* swifty_proteinUITests */ = {
			isa = PBXGroup;
			children = (
				74FA501D1F9DF2290071B098 /* swifty_proteinUITests.swift */,
				74FA501F1F9DF2290071B098 /* Info.plist */,
			);
			path = swifty_proteinUITests;
			sourceTree = "<group>";
		};
		9020D2FA1F9E0BFC00B1D12F /* ViewControllers */ = {
			isa = PBXGroup;
			children = (
				74FA4FFF1F9DF2290071B098 /* LoginViewController.swift */,
				901F127E1F9F8C7600C3DC7E /* ProteinTableViewController.swift */,
				901F127C1F9F8C1500C3DC7E /* ProteinViewController.swift */,
				741FE4981FA7650A005FD843 /* InfoVC.swift */,
			);
			name = ViewControllers;
			sourceTree = "<group>";
		};
		90CE33C51FA33806005C38AF /* Extensions */ = {
			isa = PBXGroup;
			children = (
				90CE33C61FA3381F005C38AF /* UIColorExtension.swift */,
				90CE33CA1FA33C7B005C38AF /* SCNNodeExtension.swift */,
			);
			name = Extensions;
			sourceTree = "<group>";
		};
		90FB821E1FA088B90013EB9B /* StoryBoards */ = {
			isa = PBXGroup;
			children = (
				74FA50011F9DF2290071B098 /* Main.storyboard */,
				901F12761F9F8AF000C3DC7E /* ProteinTable.storyboard */,
				901F127A1F9F8BDA00C3DC7E /* Protein.storyboard */,
				741FE4961FA762B1005FD843 /* Info.storyboard */,
			);
			name = StoryBoards;
			sourceTree = "<group>";
		};
		90FB821F1FA088F00013EB9B /* Helpers */ = {
			isa = PBXGroup;
			children = (
				90FB821A1FA07FF70013EB9B /* NetworkController.swift */,
				90FB821C1FA0882A0013EB9B /* PdbParser.swift */,
				90CE33C31FA3141B005C38AF /* SceneController.swift */,
				741FE49A1FA76D82005FD843 /* XMLParser.swift */,
				741FE49C1FA76DB5005FD843 /* InfoReq.swift */,
			);
			name = Helpers;
			sourceTree = "<group>";
		};
		90FB82201FA089050013EB9B /* Views */ = {
			isa = PBXGroup;
			children = (
				901F12781F9F8B7400C3DC7E /* ProteinTableViewCell.swift */,
			);
			name = Views;
			sourceTree = "<group>";
		};
		90FB82251FA08C2B0013EB9B /* Models */ = {
			isa = PBXGroup;
			children = (
				90FB82231FA08C230013EB9B /* Atom.swift */,
				90FB82211FA08C000013EB9B /* Ligand.swift */,
				90FB82261FA08CA50013EB9B /* Connection.swift */,
			);
			name = Models;
			sourceTree = "<group>";
		};
/* End PBXGroup section */

/* Begin PBXNativeTarget section */
		74FA4FF91F9DF2290071B098 /* swifty_protein */ = {
			isa = PBXNativeTarget;
			buildConfigurationList = 74FA50221F9DF2290071B098 /* Build configuration list for PBXNativeTarget "swifty_protein" */;
			buildPhases = (
				A82BA923FB0B115989214D16 /* [CP] Check Pods Manifest.lock */,
				74FA4FF61F9DF2290071B098 /* Sources */,
				74FA4FF71F9DF2290071B098 /* Frameworks */,
				74FA4FF81F9DF2290071B098 /* Resources */,
				4C9DCEA56EA8C1F56076C230 /* [CP] Embed Pods Frameworks */,
				CA55F4976C00EA54F9366B32 /* [CP] Copy Pods Resources */,
			);
			buildRules = (
			);
			dependencies = (
			);
			name = swifty_protein;
			productName = swifty_protein;
			productReference = 74FA4FFA1F9DF2290071B098 /* swifty_protein.app */;
			productType = "com.apple.product-type.application";
		};
		74FA500D1F9DF2290071B098 /* swifty_proteinTests */ = {
			isa = PBXNativeTarget;
			buildConfigurationList = 74FA50251F9DF2290071B098 /* Build configuration list for PBXNativeTarget "swifty_proteinTests" */;
			buildPhases = (
				B79EAC09F0D13754CDB50754 /* [CP] Check Pods Manifest.lock */,
				74FA500A1F9DF2290071B098 /* Sources */,
				74FA500B1F9DF2290071B098 /* Frameworks */,
				74FA500C1F9DF2290071B098 /* Resources */,
				CF31788B00857FBC7DB884E5 /* [CP] Embed Pods Frameworks */,
				CEDD1344410F20C90AAD65C4 /* [CP] Copy Pods Resources */,
			);
			buildRules = (
			);
			dependencies = (
				74FA50101F9DF2290071B098 /* PBXTargetDependency */,
			);
			name = swifty_proteinTests;
			productName = swifty_proteinTests;
			productReference = 74FA500E1F9DF2290071B098 /* swifty_proteinTests.xctest */;
			productType = "com.apple.product-type.bundle.unit-test";
		};
		74FA50181F9DF2290071B098 /* swifty_proteinUITests */ = {
			isa = PBXNativeTarget;
			buildConfigurationList = 74FA50281F9DF2290071B098 /* Build configuration list for PBXNativeTarget "swifty_proteinUITests" */;
			buildPhases = (
				E0F3A0725F132B2C740F0434 /* [CP] Check Pods Manifest.lock */,
				74FA50151F9DF2290071B098 /* Sources */,
				74FA50161F9DF2290071B098 /* Frameworks */,
				74FA50171F9DF2290071B098 /* Resources */,
				B9C09F1397677109610F324E /* [CP] Embed Pods Frameworks */,
				B9D64ED8676126833BE9D845 /* [CP] Copy Pods Resources */,
			);
			buildRules = (
			);
			dependencies = (
				74FA501B1F9DF2290071B098 /* PBXTargetDependency */,
			);
			name = swifty_proteinUITests;
			productName = swifty_proteinUITests;
			productReference = 74FA50191F9DF2290071B098 /* swifty_proteinUITests.xctest */;
			productType = "com.apple.product-type.bundle.ui-testing";
		};
/* End PBXNativeTarget section */

/* Begin PBXProject section */
		74FA4FF21F9DF2290071B098 /* Project object */ = {
			isa = PBXProject;
			attributes = {
				LastSwiftUpdateCheck = 0830;
				LastUpgradeCheck = 0830;
				ORGANIZATIONNAME = "Eren OZDEK";
				TargetAttributes = {
					74FA4FF91F9DF2290071B098 = {
						CreatedOnToolsVersion = 8.3.3;
						DevelopmentTeam = 9U8HD2VN5G;
						ProvisioningStyle = Automatic;
					};
					74FA500D1F9DF2290071B098 = {
						CreatedOnToolsVersion = 8.3.3;
						ProvisioningStyle = Automatic;
						TestTargetID = 74FA4FF91F9DF2290071B098;
					};
					74FA50181F9DF2290071B098 = {
						CreatedOnToolsVersion = 8.3.3;
						ProvisioningStyle = Automatic;
						TestTargetID = 74FA4FF91F9DF2290071B098;
					};
				};
			};
			buildConfigurationList = 74FA4FF51F9DF2290071B098 /* Build configuration list for PBXProject "swifty_protein" */;
			compatibilityVersion = "Xcode 3.2";
			developmentRegion = English;
			hasScannedForEncodings = 0;
			knownRegions = (
				en,
				Base,
			);
			mainGroup = 74FA4FF11F9DF2290071B098;
			productRefGroup = 74FA4FFB1F9DF2290071B098 /* Products */;
			projectDirPath = "";
			projectRoot = "";
			targets = (
				74FA4FF91F9DF2290071B098 /* swifty_protein */,
				74FA500D1F9DF2290071B098 /* swifty_proteinTests */,
				74FA50181F9DF2290071B098 /* swifty_proteinUITests */,
			);
		};
/* End PBXProject section */

/* Begin PBXResourcesBuildPhase section */
		74FA4FF81F9DF2290071B098 /* Resources */ = {
			isa = PBXResourcesBuildPhase;
			buildActionMask = 2147483647;
			files = (
				901F127B1F9F8BDA00C3DC7E /* Protein.storyboard in Resources */,
				741FE4971FA762B1005FD843 /* Info.storyboard in Resources */,
				901F12811F9F8EE800C3DC7E /* ligands.txt in Resources */,
				74FA50081F9DF2290071B098 /* LaunchScreen.storyboard in Resources */,
				74FA50051F9DF2290071B098 /* Assets.xcassets in Resources */,
				74FA50031F9DF2290071B098 /* Main.storyboard in Resources */,
				901F12771F9F8AF000C3DC7E /* ProteinTable.storyboard in Resources */,
			);
			runOnlyForDeploymentPostprocessing = 0;
		};
		74FA500C1F9DF2290071B098 /* Resources */ = {
			isa = PBXResourcesBuildPhase;
			buildActionMask = 2147483647;
			files = (
			);
			runOnlyForDeploymentPostprocessing = 0;
		};
		74FA50171F9DF2290071B098 /* Resources */ = {
			isa = PBXResourcesBuildPhase;
			buildActionMask = 2147483647;
			files = (
			);
			runOnlyForDeploymentPostprocessing = 0;
		};
/* End PBXResourcesBuildPhase section */

/* Begin PBXShellScriptBuildPhase section */
		4C9DCEA56EA8C1F56076C230 /* [CP] Embed Pods Frameworks */ = {
			isa = PBXShellScriptBuildPhase;
			buildActionMask = 2147483647;
			files = (
			);
			inputPaths = (
			);
			name = "[CP] Embed Pods Frameworks";
			outputPaths = (
			);
			runOnlyForDeploymentPostprocessing = 0;
			shellPath = /bin/sh;
			shellScript = "\"${SRCROOT}/Pods/Target Support Files/Pods-swifty_protein/Pods-swifty_protein-frameworks.sh\"\n";
			showEnvVarsInLog = 0;
		};
		A82BA923FB0B115989214D16 /* [CP] Check Pods Manifest.lock */ = {
			isa = PBXShellScriptBuildPhase;
			buildActionMask = 2147483647;
			files = (
			);
			inputPaths = (
			);
			name = "[CP] Check Pods Manifest.lock";
			outputPaths = (
			);
			runOnlyForDeploymentPostprocessing = 0;
			shellPath = /bin/sh;
			shellScript = "diff \"${PODS_PODFILE_DIR_PATH}/Podfile.lock\" \"${PODS_ROOT}/Manifest.lock\" > /dev/null\nif [ $? != 0 ] ; then\n    # print error to STDERR\n    echo \"error: The sandbox is not in sync with the Podfile.lock. Run 'pod install' or update your CocoaPods installation.\" >&2\n    exit 1\nfi\n";
			showEnvVarsInLog = 0;
		};
		B79EAC09F0D13754CDB50754 /* [CP] Check Pods Manifest.lock */ = {
			isa = PBXShellScriptBuildPhase;
			buildActionMask = 2147483647;
			files = (
			);
			inputPaths = (
			);
			name = "[CP] Check Pods Manifest.lock";
			outputPaths = (
			);
			runOnlyForDeploymentPostprocessing = 0;
			shellPath = /bin/sh;
			shellScript = "diff \"${PODS_PODFILE_DIR_PATH}/Podfile.lock\" \"${PODS_ROOT}/Manifest.lock\" > /dev/null\nif [ $? != 0 ] ; then\n    # print error to STDERR\n    echo \"error: The sandbox is not in sync with the Podfile.lock. Run 'pod install' or update your CocoaPods installation.\" >&2\n    exit 1\nfi\n";
			showEnvVarsInLog = 0;
		};
		B9C09F1397677109610F324E /* [CP] Embed Pods Frameworks */ = {
			isa = PBXShellScriptBuildPhase;
			buildActionMask = 2147483647;
			files = (
			);
			inputPaths = (
			);
			name = "[CP] Embed Pods Frameworks";
			outputPaths = (
			);
			runOnlyForDeploymentPostprocessing = 0;
			shellPath = /bin/sh;
			shellScript = "\"${SRCROOT}/Pods/Target Support Files/Pods-swifty_proteinUITests/Pods-swifty_proteinUITests-frameworks.sh\"\n";
			showEnvVarsInLog = 0;
		};
		B9D64ED8676126833BE9D845 /* [CP] Copy Pods Resources */ = {
			isa = PBXShellScriptBuildPhase;
			buildActionMask = 2147483647;
			files = (
			);
			inputPaths = (
			);
			name = "[CP] Copy Pods Resources";
			outputPaths = (
			);
			runOnlyForDeploymentPostprocessing = 0;
			shellPath = /bin/sh;
			shellScript = "\"${SRCROOT}/Pods/Target Support Files/Pods-swifty_proteinUITests/Pods-swifty_proteinUITests-resources.sh\"\n";
			showEnvVarsInLog = 0;
		};
		CA55F4976C00EA54F9366B32 /* [CP] Copy Pods Resources */ = {
			isa = PBXShellScriptBuildPhase;
			buildActionMask = 2147483647;
			files = (
			);
			inputPaths = (
			);
			name = "[CP] Copy Pods Resources";
			outputPaths = (
			);
			runOnlyForDeploymentPostprocessing = 0;
			shellPath = /bin/sh;
			shellScript = "\"${SRCROOT}/Pods/Target Support Files/Pods-swifty_protein/Pods-swifty_protein-resources.sh\"\n";
			showEnvVarsInLog = 0;
		};
		CEDD1344410F20C90AAD65C4 /* [CP] Copy Pods Resources */ = {
			isa = PBXShellScriptBuildPhase;
			buildActionMask = 2147483647;
			files = (
			);
			inputPaths = (
			);
			name = "[CP] Copy Pods Resources";
			outputPaths = (
			);
			runOnlyForDeploymentPostprocessing = 0;
			shellPath = /bin/sh;
			shellScript = "\"${SRCROOT}/Pods/Target Support Files/Pods-swifty_proteinTests/Pods-swifty_proteinTests-resources.sh\"\n";
			showEnvVarsInLog = 0;
		};
		CF31788B00857FBC7DB884E5 /* [CP] Embed Pods Frameworks */ = {
			isa = PBXShellScriptBuildPhase;
			buildActionMask = 2147483647;
			files = (
			);
			inputPaths = (
			);
			name = "[CP] Embed Pods Frameworks";
			outputPaths = (
			);
			runOnlyForDeploymentPostprocessing = 0;
			shellPath = /bin/sh;
			shellScript = "\"${SRCROOT}/Pods/Target Support Files/Pods-swifty_proteinTests/Pods-swifty_proteinTests-frameworks.sh\"\n";
			showEnvVarsInLog = 0;
		};
		E0F3A0725F132B2C740F0434 /* [CP] Check Pods Manifest.lock */ = {
			isa = PBXShellScriptBuildPhase;
			buildActionMask = 2147483647;
			files = (
			);
			inputPaths = (
			);
			name = "[CP] Check Pods Manifest.lock";
			outputPaths = (
			);
			runOnlyForDeploymentPostprocessing = 0;
			shellPath = /bin/sh;
			shellScript = "diff \"${PODS_PODFILE_DIR_PATH}/Podfile.lock\" \"${PODS_ROOT}/Manifest.lock\" > /dev/null\nif [ $? != 0 ] ; then\n    # print error to STDERR\n    echo \"error: The sandbox is not in sync with the Podfile.lock. Run 'pod install' or update your CocoaPods installation.\" >&2\n    exit 1\nfi\n";
			showEnvVarsInLog = 0;
		};
/* End PBXShellScriptBuildPhase section */

/* Begin PBXSourcesBuildPhase section */
		74FA4FF61F9DF2290071B098 /* Sources */ = {
			isa = PBXSourcesBuildPhase;
			buildActionMask = 2147483647;
			files = (
				901F12791F9F8B7400C3DC7E /* ProteinTableViewCell.swift in Sources */,
				90FB82241FA08C230013EB9B /* Atom.swift in Sources */,
				90CE33C41FA3141B005C38AF /* SceneController.swift in Sources */,
				901F127F1F9F8C7600C3DC7E /* ProteinTableViewController.swift in Sources */,
				741FE49D1FA76DB5005FD843 /* InfoReq.swift in Sources */,
				741FE4991FA7650A005FD843 /* InfoVC.swift in Sources */,
				90FB821B1FA07FF70013EB9B /* NetworkController.swift in Sources */,
				74FA50001F9DF2290071B098 /* LoginViewController.swift in Sources */,
				90CE33CB1FA33C7B005C38AF /* SCNNodeExtension.swift in Sources */,
				741FE49B1FA76D82005FD843 /* XMLParser.swift in Sources */,
				901F127D1F9F8C1500C3DC7E /* ProteinViewController.swift in Sources */,
				90CE33C91FA339A8005C38AF /* Constants.swift in Sources */,
				74FA4FFE1F9DF2290071B098 /* AppDelegate.swift in Sources */,
				90FB82271FA08CA50013EB9B /* Connection.swift in Sources */,
				90FB82221FA08C000013EB9B /* Ligand.swift in Sources */,
				90FB821D1FA0882A0013EB9B /* PdbParser.swift in Sources */,
				90CE33C71FA3381F005C38AF /* UIColorExtension.swift in Sources */,
			);
			runOnlyForDeploymentPostprocessing = 0;
		};
		74FA500A1F9DF2290071B098 /* Sources */ = {
			isa = PBXSourcesBuildPhase;
			buildActionMask = 2147483647;
			files = (
				74FA50131F9DF2290071B098 /* swifty_proteinTests.swift in Sources */,
			);
			runOnlyForDeploymentPostprocessing = 0;
		};
		74FA50151F9DF2290071B098 /* Sources */ = {
			isa = PBXSourcesBuildPhase;
			buildActionMask = 2147483647;
			files = (
				74FA501E1F9DF2290071B098 /* swifty_proteinUITests.swift in Sources */,
			);
			runOnlyForDeploymentPostprocessing = 0;
		};
/* End PBXSourcesBuildPhase section */

/* Begin PBXTargetDependency section */
		74FA50101F9DF2290071B098 /* PBXTargetDependency */ = {
			isa = PBXTargetDependency;
			target = 74FA4FF91F9DF2290071B098 /* swifty_protein */;
			targetProxy = 74FA500F1F9DF2290071B098 /* PBXContainerItemProxy */;
		};
		74FA501B1F9DF2290071B098 /* PBXTargetDependency */ = {
			isa = PBXTargetDependency;
			target = 74FA4FF91F9DF2290071B098 /* swifty_protein */;
			targetProxy = 74FA501A1F9DF2290071B098 /* PBXContainerItemProxy */;
		};
/* End PBXTargetDependency section */

/* Begin PBXVariantGroup section */
		74FA50011F9DF2290071B098 /* Main.storyboard */ = {
			isa = PBXVariantGroup;
			children = (
				74FA50021F9DF2290071B098 /* Base */,
			);
			name = Main.storyboard;
			sourceTree = "<group>";
		};
		74FA50061F9DF2290071B098 /* LaunchScreen.storyboard */ = {
			isa = PBXVariantGroup;
			children = (
				74FA50071F9DF2290071B098 /* Base */,
			);
			name = LaunchScreen.storyboard;
			sourceTree = "<group>";
		};
/* End PBXVariantGroup section */

/* Begin XCBuildConfiguration section */
		74FA50201F9DF2290071B098 /* Debug */ = {
			isa = XCBuildConfiguration;
			buildSettings = {
				ALWAYS_SEARCH_USER_PATHS = NO;
				CLANG_ANALYZER_NONNULL = YES;
				CLANG_ANALYZER_NUMBER_OBJECT_CONVERSION = YES_AGGRESSIVE;
				CLANG_CXX_LANGUAGE_STANDARD = "gnu++0x";
				CLANG_CXX_LIBRARY = "libc++";
				CLANG_ENABLE_MODULES = YES;
				CLANG_ENABLE_OBJC_ARC = YES;
				CLANG_WARN_BOOL_CONVERSION = YES;
				CLANG_WARN_CONSTANT_CONVERSION = YES;
				CLANG_WARN_DIRECT_OBJC_ISA_USAGE = YES_ERROR;
				CLANG_WARN_DOCUMENTATION_COMMENTS = YES;
				CLANG_WARN_EMPTY_BODY = YES;
				CLANG_WARN_ENUM_CONVERSION = YES;
				CLANG_WARN_INFINITE_RECURSION = YES;
				CLANG_WARN_INT_CONVERSION = YES;
				CLANG_WARN_OBJC_ROOT_CLASS = YES_ERROR;
				CLANG_WARN_SUSPICIOUS_MOVE = YES;
				CLANG_WARN_UNREACHABLE_CODE = YES;
				CLANG_WARN__DUPLICATE_METHOD_MATCH = YES;
				"CODE_SIGN_IDENTITY[sdk=iphoneos*]" = "iPhone Developer";
				COPY_PHASE_STRIP = NO;
				DEBUG_INFORMATION_FORMAT = dwarf;
				ENABLE_STRICT_OBJC_MSGSEND = YES;
				ENABLE_TESTABILITY = YES;
				GCC_C_LANGUAGE_STANDARD = gnu99;
				GCC_DYNAMIC_NO_PIC = NO;
				GCC_NO_COMMON_BLOCKS = YES;
				GCC_OPTIMIZATION_LEVEL = 0;
				GCC_PREPROCESSOR_DEFINITIONS = (
					"DEBUG=1",
					"$(inherited)",
				);
				GCC_WARN_64_TO_32_BIT_CONVERSION = YES;
				GCC_WARN_ABOUT_RETURN_TYPE = YES_ERROR;
				GCC_WARN_UNDECLARED_SELECTOR = YES;
				GCC_WARN_UNINITIALIZED_AUTOS = YES_AGGRESSIVE;
				GCC_WARN_UNUSED_FUNCTION = YES;
				GCC_WARN_UNUSED_VARIABLE = YES;
				IPHONEOS_DEPLOYMENT_TARGET = 10.3;
				MTL_ENABLE_DEBUG_INFO = YES;
				ONLY_ACTIVE_ARCH = YES;
				SDKROOT = iphoneos;
				SWIFT_ACTIVE_COMPILATION_CONDITIONS = DEBUG;
				SWIFT_OPTIMIZATION_LEVEL = "-Onone";
				TARGETED_DEVICE_FAMILY = "1,2";
			};
			name = Debug;
		};
		74FA50211F9DF2290071B098 /* Release */ = {
			isa = XCBuildConfiguration;
			buildSettings = {
				ALWAYS_SEARCH_USER_PATHS = NO;
				CLANG_ANALYZER_NONNULL = YES;
				CLANG_ANALYZER_NUMBER_OBJECT_CONVERSION = YES_AGGRESSIVE;
				CLANG_CXX_LANGUAGE_STANDARD = "gnu++0x";
				CLANG_CXX_LIBRARY = "libc++";
				CLANG_ENABLE_MODULES = YES;
				CLANG_ENABLE_OBJC_ARC = YES;
				CLANG_WARN_BOOL_CONVERSION = YES;
				CLANG_WARN_CONSTANT_CONVERSION = YES;
				CLANG_WARN_DIRECT_OBJC_ISA_USAGE = YES_ERROR;
				CLANG_WARN_DOCUMENTATION_COMMENTS = YES;
				CLANG_WARN_EMPTY_BODY = YES;
				CLANG_WARN_ENUM_CONVERSION = YES;
				CLANG_WARN_INFINITE_RECURSION = YES;
				CLANG_WARN_INT_CONVERSION = YES;
				CLANG_WARN_OBJC_ROOT_CLASS = YES_ERROR;
				CLANG_WARN_SUSPICIOUS_MOVE = YES;
				CLANG_WARN_UNREACHABLE_CODE = YES;
				CLANG_WARN__DUPLICATE_METHOD_MATCH = YES;
				"CODE_SIGN_IDENTITY[sdk=iphoneos*]" = "iPhone Developer";
				COPY_PHASE_STRIP = NO;
				DEBUG_INFORMATION_FORMAT = "dwarf-with-dsym";
				ENABLE_NS_ASSERTIONS = NO;
				ENABLE_STRICT_OBJC_MSGSEND = YES;
				GCC_C_LANGUAGE_STANDARD = gnu99;
				GCC_NO_COMMON_BLOCKS = YES;
				GCC_WARN_64_TO_32_BIT_CONVERSION = YES;
				GCC_WARN_ABOUT_RETURN_TYPE = YES_ERROR;
				GCC_WARN_UNDECLARED_SELECTOR = YES;
				GCC_WARN_UNINITIALIZED_AUTOS = YES_AGGRESSIVE;
				GCC_WARN_UNUSED_FUNCTION = YES;
				GCC_WARN_UNUSED_VARIABLE = YES;
				IPHONEOS_DEPLOYMENT_TARGET = 10.3;
				MTL_ENABLE_DEBUG_INFO = NO;
				SDKROOT = iphoneos;
				SWIFT_OPTIMIZATION_LEVEL = "-Owholemodule";
				TARGETED_DEVICE_FAMILY = "1,2";
				VALIDATE_PRODUCT = YES;
			};
			name = Release;
		};
		74FA50231F9DF2290071B098 /* Debug */ = {
			isa = XCBuildConfiguration;
			baseConfigurationReference = CBBFCA25D88E5FC05C50D2A8 /* Pods-swifty_protein.debug.xcconfig */;
			buildSettings = {
				ASSETCATALOG_COMPILER_APPICON_NAME = AppIcon;
				DEVELOPMENT_TEAM = 9U8HD2VN5G;
				INFOPLIST_FILE = swifty_protein/Info.plist;
				LD_RUNPATH_SEARCH_PATHS = "$(inherited) @executable_path/Frameworks";
				PRODUCT_BUNDLE_IDENTIFIER = "guzman-ozdek.swifty-protein";
				PRODUCT_NAME = "$(TARGET_NAME)";
				SWIFT_VERSION = 3.0;
			};
			name = Debug;
		};
		74FA50241F9DF2290071B098 /* Release */ = {
			isa = XCBuildConfiguration;
			baseConfigurationReference = DB7D3847A5BD5A7C03232B4D /* Pods-swifty_protein.release.xcconfig */;
			buildSettings = {
				ASSETCATALOG_COMPILER_APPICON_NAME = AppIcon;
				DEVELOPMENT_TEAM = 9U8HD2VN5G;
				INFOPLIST_FILE = swifty_protein/Info.plist;
				LD_RUNPATH_SEARCH_PATHS = "$(inherited) @executable_path/Frameworks";
				PRODUCT_BUNDLE_IDENTIFIER = "guzman-ozdek.swifty-protein";
				PRODUCT_NAME = "$(TARGET_NAME)";
				SWIFT_VERSION = 3.0;
			};
			name = Release;
		};
		74FA50261F9DF2290071B098 /* Debug */ = {
			isa = XCBuildConfiguration;
			baseConfigurationReference = 4FC939B8967915BE22BE6310 /* Pods-swifty_proteinTests.debug.xcconfig */;
			buildSettings = {
				ALWAYS_EMBED_SWIFT_STANDARD_LIBRARIES = YES;
				BUNDLE_LOADER = "$(TEST_HOST)";
				INFOPLIST_FILE = swifty_proteinTests/Info.plist;
				LD_RUNPATH_SEARCH_PATHS = "$(inherited) @executable_path/Frameworks @loader_path/Frameworks";
				PRODUCT_BUNDLE_IDENTIFIER = "guzman-ozdek.swifty-proteinTests";
				PRODUCT_NAME = "$(TARGET_NAME)";
				SWIFT_VERSION = 3.0;
				TEST_HOST = "$(BUILT_PRODUCTS_DIR)/swifty_protein.app/swifty_protein";
			};
			name = Debug;
		};
		74FA50271F9DF2290071B098 /* Release */ = {
			isa = XCBuildConfiguration;
			baseConfigurationReference = ED64C3A0F9F21619556382E4 /* Pods-swifty_proteinTests.release.xcconfig */;
			buildSettings = {
				ALWAYS_EMBED_SWIFT_STANDARD_LIBRARIES = YES;
				BUNDLE_LOADER = "$(TEST_HOST)";
				INFOPLIST_FILE = swifty_proteinTests/Info.plist;
				LD_RUNPATH_SEARCH_PATHS = "$(inherited) @executable_path/Frameworks @loader_path/Frameworks";
				PRODUCT_BUNDLE_IDENTIFIER = "guzman-ozdek.swifty-proteinTests";
				PRODUCT_NAME = "$(TARGET_NAME)";
				SWIFT_VERSION = 3.0;
				TEST_HOST = "$(BUILT_PRODUCTS_DIR)/swifty_protein.app/swifty_protein";
			};
			name = Release;
		};
		74FA50291F9DF2290071B098 /* Debug */ = {
			isa = XCBuildConfiguration;
			baseConfigurationReference = 9C36C9F3FE6291B2CF7294D3 /* Pods-swifty_proteinUITests.debug.xcconfig */;
			buildSettings = {
				ALWAYS_EMBED_SWIFT_STANDARD_LIBRARIES = YES;
				INFOPLIST_FILE = swifty_proteinUITests/Info.plist;
				LD_RUNPATH_SEARCH_PATHS = "$(inherited) @executable_path/Frameworks @loader_path/Frameworks";
				PRODUCT_BUNDLE_IDENTIFIER = "guzman-ozdek.swifty-proteinUITests";
				PRODUCT_NAME = "$(TARGET_NAME)";
				SWIFT_VERSION = 3.0;
				TEST_TARGET_NAME = swifty_protein;
			};
			name = Debug;
		};
		74FA502A1F9DF2290071B098 /* Release */ = {
			isa = XCBuildConfiguration;
			baseConfigurationReference = FCE0FCD2CD8E0DF290050BA3 /* Pods-swifty_proteinUITests.release.xcconfig */;
			buildSettings = {
				ALWAYS_EMBED_SWIFT_STANDARD_LIBRARIES = YES;
				INFOPLIST_FILE = swifty_proteinUITests/Info.plist;
				LD_RUNPATH_SEARCH_PATHS = "$(inherited) @executable_path/Frameworks @loader_path/Frameworks";
				PRODUCT_BUNDLE_IDENTIFIER = "guzman-ozdek.swifty-proteinUITests";
				PRODUCT_NAME = "$(TARGET_NAME)";
				SWIFT_VERSION = 3.0;
				TEST_TARGET_NAME = swifty_protein;
			};
			name = Release;
		};
/* End XCBuildConfiguration section */

/* Begin XCConfigurationList section */
		74FA4FF51F9DF2290071B098 /* Build configuration list for PBXProject "swifty_protein" */ = {
			isa = XCConfigurationList;
			buildConfigurations = (
				74FA50201F9DF2290071B098 /* Debug */,
				74FA50211F9DF2290071B098 /* Release */,
			);
			defaultConfigurationIsVisible = 0;
			defaultConfigurationName = Release;
		};
		74FA50221F9DF2290071B098 /* Build configuration list for PBXNativeTarget "swifty_protein" */ = {
			isa = XCConfigurationList;
			buildConfigurations = (
				74FA50231F9DF2290071B098 /* Debug */,
				74FA50241F9DF2290071B098 /* Release */,
			);
			defaultConfigurationIsVisible = 0;
			defaultConfigurationName = Release;
		};
		74FA50251F9DF2290071B098 /* Build configuration list for PBXNativeTarget "swifty_proteinTests" */ = {
			isa = XCConfigurationList;
			buildConfigurations = (
				74FA50261F9DF2290071B098 /* Debug */,
				74FA50271F9DF2290071B098 /* Release */,
			);
			defaultConfigurationIsVisible = 0;
			defaultConfigurationName = Release;
		};
		74FA50281F9DF2290071B098 /* Build configuration list for PBXNativeTarget "swifty_proteinUITests" */ = {
			isa = XCConfigurationList;
			buildConfigurations = (
				74FA50291F9DF2290071B098 /* Debug */,
				74FA502A1F9DF2290071B098 /* Release */,
			);
			defaultConfigurationIsVisible = 0;
			defaultConfigurationName = Release;
		};
/* End XCConfigurationList section */
	};
	rootObject = 74FA4FF21F9DF2290071B098 /* Project object */;
}
